// !$*UTF8*$!
{
	archiveVersion = 1;
	classes = {
	};
	objectVersion = 56;
	objects = {

/* Begin PBXBuildFile section */
		8E293EE52B55A12900C9ADA3 /* InfoViewController.swift in Sources */ = {isa = PBXBuildFile; fileRef = 8E293EE42B55A12900C9ADA3 /* InfoViewController.swift */; };
		8E293EE72B55A14C00C9ADA3 /* BookingViewController.swift in Sources */ = {isa = PBXBuildFile; fileRef = 8E293EE62B55A14C00C9ADA3 /* BookingViewController.swift */; };
		8E293EE92B55A15C00C9ADA3 /* AccountViewController.swift in Sources */ = {isa = PBXBuildFile; fileRef = 8E293EE82B55A15C00C9ADA3 /* AccountViewController.swift */; };
		8E57BAF42B5540B30012E598 /* LoginViewController.swift in Sources */ = {isa = PBXBuildFile; fileRef = 8E57BAF32B5540B30012E598 /* LoginViewController.swift */; };
		8E8FD0072B554BCA0085C16A /* SnapKit in Frameworks */ = {isa = PBXBuildFile; productRef = 8E8FD0062B554BCA0085C16A /* SnapKit */; };
		8EDEC6662B5456F4007146D6 /* AppDelegate.swift in Sources */ = {isa = PBXBuildFile; fileRef = 8EDEC6652B5456F4007146D6 /* AppDelegate.swift */; };
		8EDEC6682B5456F4007146D6 /* SceneDelegate.swift in Sources */ = {isa = PBXBuildFile; fileRef = 8EDEC6672B5456F4007146D6 /* SceneDelegate.swift */; };
		8EDEC66A2B5456F4007146D6 /* RegisterViewController.swift in Sources */ = {isa = PBXBuildFile; fileRef = 8EDEC6692B5456F4007146D6 /* RegisterViewController.swift */; };
		8EDEC66F2B5456F6007146D6 /* Assets.xcassets in Resources */ = {isa = PBXBuildFile; fileRef = 8EDEC66E2B5456F6007146D6 /* Assets.xcassets */; };
		8EDEC6722B5456F6007146D6 /* LaunchScreen.storyboard in Resources */ = {isa = PBXBuildFile; fileRef = 8EDEC6702B5456F6007146D6 /* LaunchScreen.storyboard */; };
		8EDEC6882B545ABB007146D6 /* FirebaseAppCheck in Frameworks */ = {isa = PBXBuildFile; productRef = 8EDEC6872B545ABB007146D6 /* FirebaseAppCheck */; };
		8EDEC68A2B545ABB007146D6 /* FirebaseAppDistribution-Beta in Frameworks */ = {isa = PBXBuildFile; productRef = 8EDEC6892B545ABB007146D6 /* FirebaseAppDistribution-Beta */; };
		8EDEC68C2B545ABB007146D6 /* FirebaseAuth in Frameworks */ = {isa = PBXBuildFile; productRef = 8EDEC68B2B545ABB007146D6 /* FirebaseAuth */; };
		8EDEC68E2B545ABB007146D6 /* FirebaseAuthCombine-Community in Frameworks */ = {isa = PBXBuildFile; productRef = 8EDEC68D2B545ABB007146D6 /* FirebaseAuthCombine-Community */; };
		8EDEC6902B545ABB007146D6 /* FirebaseCrashlytics in Frameworks */ = {isa = PBXBuildFile; productRef = 8EDEC68F2B545ABB007146D6 /* FirebaseCrashlytics */; };
		8EDEC6922B545ABB007146D6 /* FirebaseDatabase in Frameworks */ = {isa = PBXBuildFile; productRef = 8EDEC6912B545ABB007146D6 /* FirebaseDatabase */; };
		8EDEC6942B545ABB007146D6 /* FirebaseDatabaseSwift in Frameworks */ = {isa = PBXBuildFile; productRef = 8EDEC6932B545ABB007146D6 /* FirebaseDatabaseSwift */; };
		8EDEC6962B545ABB007146D6 /* FirebaseDynamicLinks in Frameworks */ = {isa = PBXBuildFile; productRef = 8EDEC6952B545ABB007146D6 /* FirebaseDynamicLinks */; };
		8EDEC6982B545ABB007146D6 /* FirebaseFirestore in Frameworks */ = {isa = PBXBuildFile; productRef = 8EDEC6972B545ABB007146D6 /* FirebaseFirestore */; };
		8EDEC69A2B545ABB007146D6 /* FirebaseFirestoreCombine-Community in Frameworks */ = {isa = PBXBuildFile; productRef = 8EDEC6992B545ABB007146D6 /* FirebaseFirestoreCombine-Community */; };
		8EDEC69C2B545ABB007146D6 /* FirebaseFirestoreSwift in Frameworks */ = {isa = PBXBuildFile; productRef = 8EDEC69B2B545ABB007146D6 /* FirebaseFirestoreSwift */; };
		8EDEC69E2B545ABB007146D6 /* FirebaseFunctions in Frameworks */ = {isa = PBXBuildFile; productRef = 8EDEC69D2B545ABB007146D6 /* FirebaseFunctions */; };
		8EDEC6A02B545ABB007146D6 /* FirebaseFunctionsCombine-Community in Frameworks */ = {isa = PBXBuildFile; productRef = 8EDEC69F2B545ABB007146D6 /* FirebaseFunctionsCombine-Community */; };
		8EDEC6A22B545ABB007146D6 /* FirebaseInAppMessaging-Beta in Frameworks */ = {isa = PBXBuildFile; productRef = 8EDEC6A12B545ABB007146D6 /* FirebaseInAppMessaging-Beta */; };
		8EDEC6A42B545ABB007146D6 /* FirebaseInAppMessagingSwift-Beta in Frameworks */ = {isa = PBXBuildFile; productRef = 8EDEC6A32B545ABB007146D6 /* FirebaseInAppMessagingSwift-Beta */; };
		8EDEC6A62B545ABB007146D6 /* FirebaseInstallations in Frameworks */ = {isa = PBXBuildFile; productRef = 8EDEC6A52B545ABB007146D6 /* FirebaseInstallations */; };
		8EDEC6A82B545ABB007146D6 /* FirebaseMLModelDownloader in Frameworks */ = {isa = PBXBuildFile; productRef = 8EDEC6A72B545ABB007146D6 /* FirebaseMLModelDownloader */; };
		8EDEC6AA2B545ABB007146D6 /* FirebaseMessaging in Frameworks */ = {isa = PBXBuildFile; productRef = 8EDEC6A92B545ABB007146D6 /* FirebaseMessaging */; };
		8EDEC6AC2B545ABB007146D6 /* FirebasePerformance in Frameworks */ = {isa = PBXBuildFile; productRef = 8EDEC6AB2B545ABB007146D6 /* FirebasePerformance */; };
		8EDEC6AE2B545ABB007146D6 /* FirebaseRemoteConfig in Frameworks */ = {isa = PBXBuildFile; productRef = 8EDEC6AD2B545ABB007146D6 /* FirebaseRemoteConfig */; };
		8EDEC6B02B545ABB007146D6 /* FirebaseRemoteConfigSwift in Frameworks */ = {isa = PBXBuildFile; productRef = 8EDEC6AF2B545ABB007146D6 /* FirebaseRemoteConfigSwift */; };
		8EDEC6B22B545ABB007146D6 /* FirebaseStorage in Frameworks */ = {isa = PBXBuildFile; productRef = 8EDEC6B12B545ABB007146D6 /* FirebaseStorage */; };
		8EDEC6B42B545ABB007146D6 /* FirebaseStorageCombine-Community in Frameworks */ = {isa = PBXBuildFile; productRef = 8EDEC6B32B545ABB007146D6 /* FirebaseStorageCombine-Community */; };
		8EEA8BDB2B5639EB00BC5AEB /* AppColors.swift in Sources */ = {isa = PBXBuildFile; fileRef = 8EEA8BDA2B5639EB00BC5AEB /* AppColors.swift */; };
		8EFCC2CD2B55AC90003EBD7E /* TabBarController.swift in Sources */ = {isa = PBXBuildFile; fileRef = 8EFCC2CC2B55AC90003EBD7E /* TabBarController.swift */; };
/* End PBXBuildFile section */

/* Begin PBXCopyFilesBuildPhase section */
		8E57BAF62B55444F0012E598 /* Embed Frameworks */ = {
			isa = PBXCopyFilesBuildPhase;
			buildActionMask = 2147483647;
			dstPath = "";
			dstSubfolderSpec = 10;
			files = (
			);
			name = "Embed Frameworks";
			runOnlyForDeploymentPostprocessing = 0;
		};
/* End PBXCopyFilesBuildPhase section */

/* Begin PBXFileReference section */
		8E293EE42B55A12900C9ADA3 /* InfoViewController.swift */ = {isa = PBXFileReference; lastKnownFileType = sourcecode.swift; path = InfoViewController.swift; sourceTree = "<group>"; };
		8E293EE62B55A14C00C9ADA3 /* BookingViewController.swift */ = {isa = PBXFileReference; lastKnownFileType = sourcecode.swift; path = BookingViewController.swift; sourceTree = "<group>"; };
		8E293EE82B55A15C00C9ADA3 /* AccountViewController.swift */ = {isa = PBXFileReference; lastKnownFileType = sourcecode.swift; path = AccountViewController.swift; sourceTree = "<group>"; };
		8E57BAF32B5540B30012E598 /* LoginViewController.swift */ = {isa = PBXFileReference; lastKnownFileType = sourcecode.swift; path = LoginViewController.swift; sourceTree = "<group>"; };
		8EDEC6622B5456F4007146D6 /* RutApp.app */ = {isa = PBXFileReference; explicitFileType = wrapper.application; includeInIndex = 0; path = RutApp.app; sourceTree = BUILT_PRODUCTS_DIR; };
		8EDEC6652B5456F4007146D6 /* AppDelegate.swift */ = {isa = PBXFileReference; lastKnownFileType = sourcecode.swift; path = AppDelegate.swift; sourceTree = "<group>"; };
		8EDEC6672B5456F4007146D6 /* SceneDelegate.swift */ = {isa = PBXFileReference; lastKnownFileType = sourcecode.swift; path = SceneDelegate.swift; sourceTree = "<group>"; };
		8EDEC6692B5456F4007146D6 /* RegisterViewController.swift */ = {isa = PBXFileReference; lastKnownFileType = sourcecode.swift; path = RegisterViewController.swift; sourceTree = "<group>"; };
		8EDEC66E2B5456F6007146D6 /* Assets.xcassets */ = {isa = PBXFileReference; lastKnownFileType = folder.assetcatalog; path = Assets.xcassets; sourceTree = "<group>"; };
		8EDEC6712B5456F6007146D6 /* Base */ = {isa = PBXFileReference; lastKnownFileType = file.storyboard; name = Base; path = Base.lproj/LaunchScreen.storyboard; sourceTree = "<group>"; };
		8EDEC6732B5456F6007146D6 /* Info.plist */ = {isa = PBXFileReference; lastKnownFileType = text.plist.xml; path = Info.plist; sourceTree = "<group>"; };
		8EEA8BDA2B5639EB00BC5AEB /* AppColors.swift */ = {isa = PBXFileReference; lastKnownFileType = sourcecode.swift; path = AppColors.swift; sourceTree = "<group>"; };
		8EFCC2CC2B55AC90003EBD7E /* TabBarController.swift */ = {isa = PBXFileReference; lastKnownFileType = sourcecode.swift; path = TabBarController.swift; sourceTree = "<group>"; };
/* End PBXFileReference section */

/* Begin PBXFrameworksBuildPhase section */
		8EDEC65F2B5456F4007146D6 /* Frameworks */ = {
			isa = PBXFrameworksBuildPhase;
			buildActionMask = 2147483647;
			files = (
				8EDEC6AA2B545ABB007146D6 /* FirebaseMessaging in Frameworks */,
				8EDEC69C2B545ABB007146D6 /* FirebaseFirestoreSwift in Frameworks */,
				8EDEC69E2B545ABB007146D6 /* FirebaseFunctions in Frameworks */,
				8EDEC68C2B545ABB007146D6 /* FirebaseAuth in Frameworks */,
				8EDEC6962B545ABB007146D6 /* FirebaseDynamicLinks in Frameworks */,
				8EDEC6902B545ABB007146D6 /* FirebaseCrashlytics in Frameworks */,
				8EDEC6A82B545ABB007146D6 /* FirebaseMLModelDownloader in Frameworks */,
				8EDEC6942B545ABB007146D6 /* FirebaseDatabaseSwift in Frameworks */,
				8EDEC6982B545ABB007146D6 /* FirebaseFirestore in Frameworks */,
				8E8FD0072B554BCA0085C16A /* SnapKit in Frameworks */,
				8EDEC6A62B545ABB007146D6 /* FirebaseInstallations in Frameworks */,
				8EDEC6A02B545ABB007146D6 /* FirebaseFunctionsCombine-Community in Frameworks */,
				8EDEC69A2B545ABB007146D6 /* FirebaseFirestoreCombine-Community in Frameworks */,
				8EDEC6922B545ABB007146D6 /* FirebaseDatabase in Frameworks */,
				8EDEC6AC2B545ABB007146D6 /* FirebasePerformance in Frameworks */,
				8EDEC6882B545ABB007146D6 /* FirebaseAppCheck in Frameworks */,
				8EDEC6A42B545ABB007146D6 /* FirebaseInAppMessagingSwift-Beta in Frameworks */,
				8EDEC6B02B545ABB007146D6 /* FirebaseRemoteConfigSwift in Frameworks */,
				8EDEC68A2B545ABB007146D6 /* FirebaseAppDistribution-Beta in Frameworks */,
				8EDEC6AE2B545ABB007146D6 /* FirebaseRemoteConfig in Frameworks */,
				8EDEC6B22B545ABB007146D6 /* FirebaseStorage in Frameworks */,
				8EDEC68E2B545ABB007146D6 /* FirebaseAuthCombine-Community in Frameworks */,
				8EDEC6B42B545ABB007146D6 /* FirebaseStorageCombine-Community in Frameworks */,
				8EDEC6A22B545ABB007146D6 /* FirebaseInAppMessaging-Beta in Frameworks */,
			);
			runOnlyForDeploymentPostprocessing = 0;
		};
/* End PBXFrameworksBuildPhase section */

/* Begin PBXGroup section */
		8E57BAF72B5544570012E598 /* Frameworks */ = {
			isa = PBXGroup;
			children = (
			);
			name = Frameworks;
			sourceTree = "<group>";
		};
		8E8FD0082B5571B50085C16A /* ViewControllers */ = {
			isa = PBXGroup;
			children = (
				8E57BAF32B5540B30012E598 /* LoginViewController.swift */,
				8EDEC6692B5456F4007146D6 /* RegisterViewController.swift */,
				8E293EE42B55A12900C9ADA3 /* InfoViewController.swift */,
				8E293EE62B55A14C00C9ADA3 /* BookingViewController.swift */,
				8E293EE82B55A15C00C9ADA3 /* AccountViewController.swift */,
				8EFCC2CC2B55AC90003EBD7E /* TabBarController.swift */,
			);
			path = ViewControllers;
			sourceTree = "<group>";
		};
		8EDEC6592B5456F4007146D6 = {
			isa = PBXGroup;
			children = (
				8EDEC6642B5456F4007146D6 /* RutApp */,
				8EDEC6632B5456F4007146D6 /* Products */,
				8E57BAF72B5544570012E598 /* Frameworks */,
			);
			sourceTree = "<group>";
		};
		8EDEC6632B5456F4007146D6 /* Products */ = {
			isa = PBXGroup;
			children = (
				8EDEC6622B5456F4007146D6 /* RutApp.app */,
			);
			name = Products;
			sourceTree = "<group>";
		};
		8EDEC6642B5456F4007146D6 /* RutApp */ = {
			isa = PBXGroup;
			children = (
				8EDEC6652B5456F4007146D6 /* AppDelegate.swift */,
				8EDEC6672B5456F4007146D6 /* SceneDelegate.swift */,
				8EEA8BDA2B5639EB00BC5AEB /* AppColors.swift */,
				8EDEC6702B5456F6007146D6 /* LaunchScreen.storyboard */,
				8E8FD0082B5571B50085C16A /* ViewControllers */,
				8EDEC6732B5456F6007146D6 /* Info.plist */,
				8EDEC66E2B5456F6007146D6 /* Assets.xcassets */,
			);
			path = RutApp;
			sourceTree = "<group>";
		};
/* End PBXGroup section */

/* Begin PBXNativeTarget section */
		8EDEC6612B5456F4007146D6 /* RutApp */ = {
			isa = PBXNativeTarget;
			buildConfigurationList = 8EDEC6762B5456F6007146D6 /* Build configuration list for PBXNativeTarget "RutApp" */;
			buildPhases = (
				8EDEC65E2B5456F4007146D6 /* Sources */,
				8EDEC65F2B5456F4007146D6 /* Frameworks */,
				8EDEC6602B5456F4007146D6 /* Resources */,
				8E57BAF62B55444F0012E598 /* Embed Frameworks */,
			);
			buildRules = (
			);
			dependencies = (
			);
			name = RutApp;
			packageProductDependencies = (
				8EDEC6872B545ABB007146D6 /* FirebaseAppCheck */,
				8EDEC6892B545ABB007146D6 /* FirebaseAppDistribution-Beta */,
				8EDEC68B2B545ABB007146D6 /* FirebaseAuth */,
				8EDEC68D2B545ABB007146D6 /* FirebaseAuthCombine-Community */,
				8EDEC68F2B545ABB007146D6 /* FirebaseCrashlytics */,
				8EDEC6912B545ABB007146D6 /* FirebaseDatabase */,
				8EDEC6932B545ABB007146D6 /* FirebaseDatabaseSwift */,
				8EDEC6952B545ABB007146D6 /* FirebaseDynamicLinks */,
				8EDEC6972B545ABB007146D6 /* FirebaseFirestore */,
				8EDEC6992B545ABB007146D6 /* FirebaseFirestoreCombine-Community */,
				8EDEC69B2B545ABB007146D6 /* FirebaseFirestoreSwift */,
				8EDEC69D2B545ABB007146D6 /* FirebaseFunctions */,
				8EDEC69F2B545ABB007146D6 /* FirebaseFunctionsCombine-Community */,
				8EDEC6A12B545ABB007146D6 /* FirebaseInAppMessaging-Beta */,
				8EDEC6A32B545ABB007146D6 /* FirebaseInAppMessagingSwift-Beta */,
				8EDEC6A52B545ABB007146D6 /* FirebaseInstallations */,
				8EDEC6A72B545ABB007146D6 /* FirebaseMLModelDownloader */,
				8EDEC6A92B545ABB007146D6 /* FirebaseMessaging */,
				8EDEC6AB2B545ABB007146D6 /* FirebasePerformance */,
				8EDEC6AD2B545ABB007146D6 /* FirebaseRemoteConfig */,
				8EDEC6AF2B545ABB007146D6 /* FirebaseRemoteConfigSwift */,
				8EDEC6B12B545ABB007146D6 /* FirebaseStorage */,
				8EDEC6B32B545ABB007146D6 /* FirebaseStorageCombine-Community */,
				8E8FD0062B554BCA0085C16A /* SnapKit */,
			);
			productName = RutApp;
			productReference = 8EDEC6622B5456F4007146D6 /* RutApp.app */;
			productType = "com.apple.product-type.application";
		};
/* End PBXNativeTarget section */

/* Begin PBXProject section */
		8EDEC65A2B5456F4007146D6 /* Project object */ = {
			isa = PBXProject;
			attributes = {
				BuildIndependentTargetsInParallel = 1;
				LastSwiftUpdateCheck = 1520;
				LastUpgradeCheck = 1520;
				TargetAttributes = {
					8EDEC6612B5456F4007146D6 = {
						CreatedOnToolsVersion = 15.2;
					};
				};
			};
			buildConfigurationList = 8EDEC65D2B5456F4007146D6 /* Build configuration list for PBXProject "RutApp" */;
			compatibilityVersion = "Xcode 14.0";
			developmentRegion = en;
			hasScannedForEncodings = 0;
			knownRegions = (
				en,
				Base,
			);
			mainGroup = 8EDEC6592B5456F4007146D6;
			packageReferences = (
				8EDEC6792B545A85007146D6 /* XCRemoteSwiftPackageReference "SnapKit" */,
				8EDEC67E2B545ABB007146D6 /* XCRemoteSwiftPackageReference "firebase-ios-sdk" */,
			);
			productRefGroup = 8EDEC6632B5456F4007146D6 /* Products */;
			projectDirPath = "";
			projectRoot = "";
			targets = (
				8EDEC6612B5456F4007146D6 /* RutApp */,
			);
		};
/* End PBXProject section */

/* Begin PBXResourcesBuildPhase section */
		8EDEC6602B5456F4007146D6 /* Resources */ = {
			isa = PBXResourcesBuildPhase;
			buildActionMask = 2147483647;
			files = (
				8EDEC6722B5456F6007146D6 /* LaunchScreen.storyboard in Resources */,
				8EDEC66F2B5456F6007146D6 /* Assets.xcassets in Resources */,
			);
			runOnlyForDeploymentPostprocessing = 0;
		};
/* End PBXResourcesBuildPhase section */

/* Begin PBXSourcesBuildPhase section */
		8EDEC65E2B5456F4007146D6 /* Sources */ = {
			isa = PBXSourcesBuildPhase;
			buildActionMask = 2147483647;
			files = (
				8EEA8BDB2B5639EB00BC5AEB /* AppColors.swift in Sources */,
				8E57BAF42B5540B30012E598 /* LoginViewController.swift in Sources */,
				8EFCC2CD2B55AC90003EBD7E /* TabBarController.swift in Sources */,
				8EDEC66A2B5456F4007146D6 /* RegisterViewController.swift in Sources */,
				8E293EE92B55A15C00C9ADA3 /* AccountViewController.swift in Sources */,
				8EDEC6662B5456F4007146D6 /* AppDelegate.swift in Sources */,
				8EDEC6682B5456F4007146D6 /* SceneDelegate.swift in Sources */,
				8E293EE72B55A14C00C9ADA3 /* BookingViewController.swift in Sources */,
				8E293EE52B55A12900C9ADA3 /* InfoViewController.swift in Sources */,
			);
			runOnlyForDeploymentPostprocessing = 0;
		};
/* End PBXSourcesBuildPhase section */

/* Begin PBXVariantGroup section */
		8EDEC6702B5456F6007146D6 /* LaunchScreen.storyboard */ = {
			isa = PBXVariantGroup;
			children = (
				8EDEC6712B5456F6007146D6 /* Base */,
			);
			name = LaunchScreen.storyboard;
			sourceTree = "<group>";
		};
/* End PBXVariantGroup section */

/* Begin XCBuildConfiguration section */
		8EDEC6742B5456F6007146D6 /* Debug */ = {
			isa = XCBuildConfiguration;
			buildSettings = {
				ALWAYS_SEARCH_USER_PATHS = NO;
				ASSETCATALOG_COMPILER_GENERATE_SWIFT_ASSET_SYMBOL_EXTENSIONS = YES;
				CLANG_ANALYZER_NONNULL = YES;
				CLANG_ANALYZER_NUMBER_OBJECT_CONVERSION = YES_AGGRESSIVE;
				CLANG_CXX_LANGUAGE_STANDARD = "gnu++20";
				CLANG_ENABLE_MODULES = YES;
				CLANG_ENABLE_OBJC_ARC = YES;
				CLANG_ENABLE_OBJC_WEAK = YES;
				CLANG_WARN_BLOCK_CAPTURE_AUTORELEASING = YES;
				CLANG_WARN_BOOL_CONVERSION = YES;
				CLANG_WARN_COMMA = YES;
				CLANG_WARN_CONSTANT_CONVERSION = YES;
				CLANG_WARN_DEPRECATED_OBJC_IMPLEMENTATIONS = YES;
				CLANG_WARN_DIRECT_OBJC_ISA_USAGE = YES_ERROR;
				CLANG_WARN_DOCUMENTATION_COMMENTS = YES;
				CLANG_WARN_EMPTY_BODY = YES;
				CLANG_WARN_ENUM_CONVERSION = YES;
				CLANG_WARN_INFINITE_RECURSION = YES;
				CLANG_WARN_INT_CONVERSION = YES;
				CLANG_WARN_NON_LITERAL_NULL_CONVERSION = YES;
				CLANG_WARN_OBJC_IMPLICIT_RETAIN_SELF = YES;
				CLANG_WARN_OBJC_LITERAL_CONVERSION = YES;
				CLANG_WARN_OBJC_ROOT_CLASS = YES_ERROR;
				CLANG_WARN_QUOTED_INCLUDE_IN_FRAMEWORK_HEADER = YES;
				CLANG_WARN_RANGE_LOOP_ANALYSIS = YES;
				CLANG_WARN_STRICT_PROTOTYPES = YES;
				CLANG_WARN_SUSPICIOUS_MOVE = YES;
				CLANG_WARN_UNGUARDED_AVAILABILITY = YES_AGGRESSIVE;
				CLANG_WARN_UNREACHABLE_CODE = YES;
				CLANG_WARN__DUPLICATE_METHOD_MATCH = YES;
				COPY_PHASE_STRIP = NO;
				DEBUG_INFORMATION_FORMAT = dwarf;
				ENABLE_STRICT_OBJC_MSGSEND = YES;
				ENABLE_TESTABILITY = YES;
				ENABLE_USER_SCRIPT_SANDBOXING = YES;
				GCC_C_LANGUAGE_STANDARD = gnu17;
				GCC_DYNAMIC_NO_PIC = NO;
				GCC_NO_COMMON_BLOCKS = YES;
				GCC_OPTIMIZATION_LEVEL = 0;
				GCC_PREPROCESSOR_DEFINITIONS = (
					"DEBUG=1",
					"$(inherited)",
				);
				GCC_WARN_64_TO_32_BIT_CONVERSION = YES;
				GCC_WARN_ABOUT_RETURN_TYPE = YES_ERROR;
				GCC_WARN_UNDECLARED_SELECTOR = YES;
				GCC_WARN_UNINITIALIZED_AUTOS = YES_AGGRESSIVE;
				GCC_WARN_UNUSED_FUNCTION = YES;
				GCC_WARN_UNUSED_VARIABLE = YES;
				IPHONEOS_DEPLOYMENT_TARGET = 15.0;
				LOCALIZATION_PREFERS_STRING_CATALOGS = YES;
				MTL_ENABLE_DEBUG_INFO = INCLUDE_SOURCE;
				MTL_FAST_MATH = YES;
				ONLY_ACTIVE_ARCH = YES;
				SDKROOT = iphoneos;
				SWIFT_ACTIVE_COMPILATION_CONDITIONS = "DEBUG $(inherited)";
				SWIFT_OPTIMIZATION_LEVEL = "-Onone";
			};
			name = Debug;
		};
		8EDEC6752B5456F6007146D6 /* Release */ = {
			isa = XCBuildConfiguration;
			buildSettings = {
				ALWAYS_SEARCH_USER_PATHS = NO;
				ASSETCATALOG_COMPILER_GENERATE_SWIFT_ASSET_SYMBOL_EXTENSIONS = YES;
				CLANG_ANALYZER_NONNULL = YES;
				CLANG_ANALYZER_NUMBER_OBJECT_CONVERSION = YES_AGGRESSIVE;
				CLANG_CXX_LANGUAGE_STANDARD = "gnu++20";
				CLANG_ENABLE_MODULES = YES;
				CLANG_ENABLE_OBJC_ARC = YES;
				CLANG_ENABLE_OBJC_WEAK = YES;
				CLANG_WARN_BLOCK_CAPTURE_AUTORELEASING = YES;
				CLANG_WARN_BOOL_CONVERSION = YES;
				CLANG_WARN_COMMA = YES;
				CLANG_WARN_CONSTANT_CONVERSION = YES;
				CLANG_WARN_DEPRECATED_OBJC_IMPLEMENTATIONS = YES;
				CLANG_WARN_DIRECT_OBJC_ISA_USAGE = YES_ERROR;
				CLANG_WARN_DOCUMENTATION_COMMENTS = YES;
				CLANG_WARN_EMPTY_BODY = YES;
				CLANG_WARN_ENUM_CONVERSION = YES;
				CLANG_WARN_INFINITE_RECURSION = YES;
				CLANG_WARN_INT_CONVERSION = YES;
				CLANG_WARN_NON_LITERAL_NULL_CONVERSION = YES;
				CLANG_WARN_OBJC_IMPLICIT_RETAIN_SELF = YES;
				CLANG_WARN_OBJC_LITERAL_CONVERSION = YES;
				CLANG_WARN_OBJC_ROOT_CLASS = YES_ERROR;
				CLANG_WARN_QUOTED_INCLUDE_IN_FRAMEWORK_HEADER = YES;
				CLANG_WARN_RANGE_LOOP_ANALYSIS = YES;
				CLANG_WARN_STRICT_PROTOTYPES = YES;
				CLANG_WARN_SUSPICIOUS_MOVE = YES;
				CLANG_WARN_UNGUARDED_AVAILABILITY = YES_AGGRESSIVE;
				CLANG_WARN_UNREACHABLE_CODE = YES;
				CLANG_WARN__DUPLICATE_METHOD_MATCH = YES;
				COPY_PHASE_STRIP = NO;
				DEBUG_INFORMATION_FORMAT = "dwarf-with-dsym";
				ENABLE_NS_ASSERTIONS = NO;
				ENABLE_STRICT_OBJC_MSGSEND = YES;
				ENABLE_USER_SCRIPT_SANDBOXING = YES;
				GCC_C_LANGUAGE_STANDARD = gnu17;
				GCC_NO_COMMON_BLOCKS = YES;
				GCC_WARN_64_TO_32_BIT_CONVERSION = YES;
				GCC_WARN_ABOUT_RETURN_TYPE = YES_ERROR;
				GCC_WARN_UNDECLARED_SELECTOR = YES;
				GCC_WARN_UNINITIALIZED_AUTOS = YES_AGGRESSIVE;
				GCC_WARN_UNUSED_FUNCTION = YES;
				GCC_WARN_UNUSED_VARIABLE = YES;
				IPHONEOS_DEPLOYMENT_TARGET = 15.0;
				LOCALIZATION_PREFERS_STRING_CATALOGS = YES;
				MTL_ENABLE_DEBUG_INFO = NO;
				MTL_FAST_MATH = YES;
				SDKROOT = iphoneos;
				SWIFT_COMPILATION_MODE = wholemodule;
				VALIDATE_PRODUCT = YES;
			};
			name = Release;
		};
		8EDEC6772B5456F6007146D6 /* Debug */ = {
			isa = XCBuildConfiguration;
			buildSettings = {
				ASSETCATALOG_COMPILER_APPICON_NAME = AppIcon;
				ASSETCATALOG_COMPILER_GLOBAL_ACCENT_COLOR_NAME = AccentColor;
				CODE_SIGN_STYLE = Automatic;
				CURRENT_PROJECT_VERSION = 1;
				DEVELOPMENT_TEAM = 4P2882G4R7;
				GENERATE_INFOPLIST_FILE = YES;
				INFOPLIST_FILE = RutApp/Info.plist;
				INFOPLIST_KEY_UIApplicationSupportsIndirectInputEvents = YES;
				INFOPLIST_KEY_UILaunchStoryboardName = LaunchScreen;
				INFOPLIST_KEY_UISupportedInterfaceOrientations = UIInterfaceOrientationPortrait;
				INFOPLIST_KEY_UISupportedInterfaceOrientations_iPad = "UIInterfaceOrientationLandscapeLeft UIInterfaceOrientationLandscapeRight UIInterfaceOrientationPortrait UIInterfaceOrientationPortraitUpsideDown";
				IPHONEOS_DEPLOYMENT_TARGET = 15.0;
				LD_RUNPATH_SEARCH_PATHS = (
					"$(inherited)",
					"@executable_path/Frameworks",
				);
				MARKETING_VERSION = 1.0;
				PRODUCT_BUNDLE_IDENTIFIER = com.michaelkivo.RutApp;
				PRODUCT_NAME = "$(TARGET_NAME)";
				SUPPORTED_PLATFORMS = "iphoneos iphonesimulator";
				SUPPORTS_MACCATALYST = NO;
				SUPPORTS_MAC_DESIGNED_FOR_IPHONE_IPAD = NO;
				SUPPORTS_XR_DESIGNED_FOR_IPHONE_IPAD = NO;
				SWIFT_EMIT_LOC_STRINGS = YES;
				SWIFT_VERSION = 5.0;
				TARGETED_DEVICE_FAMILY = "1,2";
			};
			name = Debug;
		};
		8EDEC6782B5456F6007146D6 /* Release */ = {
			isa = XCBuildConfiguration;
			buildSettings = {
				ASSETCATALOG_COMPILER_APPICON_NAME = AppIcon;
				ASSETCATALOG_COMPILER_GLOBAL_ACCENT_COLOR_NAME = AccentColor;
				CODE_SIGN_STYLE = Automatic;
				CURRENT_PROJECT_VERSION = 1;
				DEVELOPMENT_TEAM = 4P2882G4R7;
				GENERATE_INFOPLIST_FILE = YES;
				INFOPLIST_FILE = RutApp/Info.plist;
				INFOPLIST_KEY_UIApplicationSupportsIndirectInputEvents = YES;
				INFOPLIST_KEY_UILaunchStoryboardName = LaunchScreen;
				INFOPLIST_KEY_UISupportedInterfaceOrientations = UIInterfaceOrientationPortrait;
				INFOPLIST_KEY_UISupportedInterfaceOrientations_iPad = "UIInterfaceOrientationLandscapeLeft UIInterfaceOrientationLandscapeRight UIInterfaceOrientationPortrait UIInterfaceOrientationPortraitUpsideDown";
				IPHONEOS_DEPLOYMENT_TARGET = 15.0;
				LD_RUNPATH_SEARCH_PATHS = (
					"$(inherited)",
					"@executable_path/Frameworks",
				);
				MARKETING_VERSION = 1.0;
				PRODUCT_BUNDLE_IDENTIFIER = com.michaelkivo.RutApp;
				PRODUCT_NAME = "$(TARGET_NAME)";
				SUPPORTED_PLATFORMS = "iphoneos iphonesimulator";
				SUPPORTS_MACCATALYST = NO;
				SUPPORTS_MAC_DESIGNED_FOR_IPHONE_IPAD = NO;
				SUPPORTS_XR_DESIGNED_FOR_IPHONE_IPAD = NO;
				SWIFT_EMIT_LOC_STRINGS = YES;
				SWIFT_VERSION = 5.0;
				TARGETED_DEVICE_FAMILY = "1,2";
			};
			name = Release;
		};
/* End XCBuildConfiguration section */

/* Begin XCConfigurationList section */
		8EDEC65D2B5456F4007146D6 /* Build configuration list for PBXProject "RutApp" */ = {
			isa = XCConfigurationList;
			buildConfigurations = (
				8EDEC6742B5456F6007146D6 /* Debug */,
				8EDEC6752B5456F6007146D6 /* Release */,
			);
			defaultConfigurationIsVisible = 0;
			defaultConfigurationName = Release;
		};
		8EDEC6762B5456F6007146D6 /* Build configuration list for PBXNativeTarget "RutApp" */ = {
			isa = XCConfigurationList;
			buildConfigurations = (
				8EDEC6772B5456F6007146D6 /* Debug */,
				8EDEC6782B5456F6007146D6 /* Release */,
			);
			defaultConfigurationIsVisible = 0;
			defaultConfigurationName = Release;
		};
/* End XCConfigurationList section */

/* Begin XCRemoteSwiftPackageReference section */
		8EDEC6792B545A85007146D6 /* XCRemoteSwiftPackageReference "SnapKit" */ = {
			isa = XCRemoteSwiftPackageReference;
			repositoryURL = "https://github.com/SnapKit/SnapKit.git";
			requirement = {
				kind = upToNextMajorVersion;
				minimumVersion = 5.7.0;
			};
		};
		8EDEC67E2B545ABB007146D6 /* XCRemoteSwiftPackageReference "firebase-ios-sdk" */ = {
			isa = XCRemoteSwiftPackageReference;
			repositoryURL = "https://github.com/firebase/firebase-ios-sdk";
			requirement = {
				kind = upToNextMajorVersion;
				minimumVersion = 10.19.1;
			};
		};
/* End XCRemoteSwiftPackageReference section */

/* Begin XCSwiftPackageProductDependency section */
		8E8FD0062B554BCA0085C16A /* SnapKit */ = {
			isa = XCSwiftPackageProductDependency;
			package = 8EDEC6792B545A85007146D6 /* XCRemoteSwiftPackageReference "SnapKit" */;
			productName = SnapKit;
		};
		8EDEC6872B545ABB007146D6 /* FirebaseAppCheck */ = {
			isa = XCSwiftPackageProductDependency;
			package = 8EDEC67E2B545ABB007146D6 /* XCRemoteSwiftPackageReference "firebase-ios-sdk" */;
			productName = FirebaseAppCheck;
		};
		8EDEC6892B545ABB007146D6 /* FirebaseAppDistribution-Beta */ = {
			isa = XCSwiftPackageProductDependency;
			package = 8EDEC67E2B545ABB007146D6 /* XCRemoteSwiftPackageReference "firebase-ios-sdk" */;
			productName = "FirebaseAppDistribution-Beta";
		};
		8EDEC68B2B545ABB007146D6 /* FirebaseAuth */ = {
			isa = XCSwiftPackageProductDependency;
			package = 8EDEC67E2B545ABB007146D6 /* XCRemoteSwiftPackageReference "firebase-ios-sdk" */;
			productName = FirebaseAuth;
		};
		8EDEC68D2B545ABB007146D6 /* FirebaseAuthCombine-Community */ = {
			isa = XCSwiftPackageProductDependency;
			package = 8EDEC67E2B545ABB007146D6 /* XCRemoteSwiftPackageReference "firebase-ios-sdk" */;
			productName = "FirebaseAuthCombine-Community";
		};
		8EDEC68F2B545ABB007146D6 /* FirebaseCrashlytics */ = {
			isa = XCSwiftPackageProductDependency;
			package = 8EDEC67E2B545ABB007146D6 /* XCRemoteSwiftPackageReference "firebase-ios-sdk" */;
			productName = FirebaseCrashlytics;
		};
		8EDEC6912B545ABB007146D6 /* FirebaseDatabase */ = {
			isa = XCSwiftPackageProductDependency;
			package = 8EDEC67E2B545ABB007146D6 /* XCRemoteSwiftPackageReference "firebase-ios-sdk" */;
			productName = FirebaseDatabase;
		};
		8EDEC6932B545ABB007146D6 /* FirebaseDatabaseSwift */ = {
			isa = XCSwiftPackageProductDependency;
			package = 8EDEC67E2B545ABB007146D6 /* XCRemoteSwiftPackageReference "firebase-ios-sdk" */;
			productName = FirebaseDatabaseSwift;
		};
		8EDEC6952B545ABB007146D6 /* FirebaseDynamicLinks */ = {
			isa = XCSwiftPackageProductDependency;
			package = 8EDEC67E2B545ABB007146D6 /* XCRemoteSwiftPackageReference "firebase-ios-sdk" */;
			productName = FirebaseDynamicLinks;
		};
		8EDEC6972B545ABB007146D6 /* FirebaseFirestore */ = {
			isa = XCSwiftPackageProductDependency;
			package = 8EDEC67E2B545ABB007146D6 /* XCRemoteSwiftPackageReference "firebase-ios-sdk" */;
			productName = FirebaseFirestore;
		};
		8EDEC6992B545ABB007146D6 /* FirebaseFirestoreCombine-Community */ = {
			isa = XCSwiftPackageProductDependency;
			package = 8EDEC67E2B545ABB007146D6 /* XCRemoteSwiftPackageReference "firebase-ios-sdk" */;
			productName = "FirebaseFirestoreCombine-Community";
		};
		8EDEC69B2B545ABB007146D6 /* FirebaseFirestoreSwift */ = {
			isa = XCSwiftPackageProductDependency;
			package = 8EDEC67E2B545ABB007146D6 /* XCRemoteSwiftPackageReference "firebase-ios-sdk" */;
			productName = FirebaseFirestoreSwift;
		};
		8EDEC69D2B545ABB007146D6 /* FirebaseFunctions */ = {
			isa = XCSwiftPackageProductDependency;
			package = 8EDEC67E2B545ABB007146D6 /* XCRemoteSwiftPackageReference "firebase-ios-sdk" */;
			productName = FirebaseFunctions;
		};
		8EDEC69F2B545ABB007146D6 /* FirebaseFunctionsCombine-Community */ = {
			isa = XCSwiftPackageProductDependency;
			package = 8EDEC67E2B545ABB007146D6 /* XCRemoteSwiftPackageReference "firebase-ios-sdk" */;
			productName = "FirebaseFunctionsCombine-Community";
		};
		8EDEC6A12B545ABB007146D6 /* FirebaseInAppMessaging-Beta */ = {
			isa = XCSwiftPackageProductDependency;
			package = 8EDEC67E2B545ABB007146D6 /* XCRemoteSwiftPackageReference "firebase-ios-sdk" */;
			productName = "FirebaseInAppMessaging-Beta";
		};
		8EDEC6A32B545ABB007146D6 /* FirebaseInAppMessagingSwift-Beta */ = {
			isa = XCSwiftPackageProductDependency;
			package = 8EDEC67E2B545ABB007146D6 /* XCRemoteSwiftPackageReference "firebase-ios-sdk" */;
			productName = "FirebaseInAppMessagingSwift-Beta";
		};
		8EDEC6A52B545ABB007146D6 /* FirebaseInstallations */ = {
			isa = XCSwiftPackageProductDependency;
			package = 8EDEC67E2B545ABB007146D6 /* XCRemoteSwiftPackageReference "firebase-ios-sdk" */;
			productName = FirebaseInstallations;
		};
		8EDEC6A72B545ABB007146D6 /* FirebaseMLModelDownloader */ = {
			isa = XCSwiftPackageProductDependency;
			package = 8EDEC67E2B545ABB007146D6 /* XCRemoteSwiftPackageReference "firebase-ios-sdk" */;
			productName = FirebaseMLModelDownloader;
		};
		8EDEC6A92B545ABB007146D6 /* FirebaseMessaging */ = {
			isa = XCSwiftPackageProductDependency;
			package = 8EDEC67E2B545ABB007146D6 /* XCRemoteSwiftPackageReference "firebase-ios-sdk" */;
			productName = FirebaseMessaging;
		};
		8EDEC6AB2B545ABB007146D6 /* FirebasePerformance */ = {
			isa = XCSwiftPackageProductDependency;
			package = 8EDEC67E2B545ABB007146D6 /* XCRemoteSwiftPackageReference "firebase-ios-sdk" */;
			productName = FirebasePerformance;
		};
		8EDEC6AD2B545ABB007146D6 /* FirebaseRemoteConfig */ = {
			isa = XCSwiftPackageProductDependency;
			package = 8EDEC67E2B545ABB007146D6 /* XCRemoteSwiftPackageReference "firebase-ios-sdk" */;
			productName = FirebaseRemoteConfig;
		};
		8EDEC6AF2B545ABB007146D6 /* FirebaseRemoteConfigSwift */ = {
			isa = XCSwiftPackageProductDependency;
			package = 8EDEC67E2B545ABB007146D6 /* XCRemoteSwiftPackageReference "firebase-ios-sdk" */;
			productName = FirebaseRemoteConfigSwift;
		};
		8EDEC6B12B545ABB007146D6 /* FirebaseStorage */ = {
			isa = XCSwiftPackageProductDependency;
			package = 8EDEC67E2B545ABB007146D6 /* XCRemoteSwiftPackageReference "firebase-ios-sdk" */;
			productName = FirebaseStorage;
		};
		8EDEC6B32B545ABB007146D6 /* FirebaseStorageCombine-Community */ = {
			isa = XCSwiftPackageProductDependency;
			package = 8EDEC67E2B545ABB007146D6 /* XCRemoteSwiftPackageReference "firebase-ios-sdk" */;
			productName = "FirebaseStorageCombine-Community";
		};
/* End XCSwiftPackageProductDependency section */
	};
	rootObject = 8EDEC65A2B5456F4007146D6 /* Project object */;
}
